PODS:
  - OptimizelySDKCore (2.0.2-beta2)
  - OptimizelySDKDatafileManager (2.0.2-beta2):
    - OptimizelySDKShared (= 2.0.2-beta2)
  - OptimizelySDKEventDispatcher (2.0.2-beta2):
    - OptimizelySDKShared (= 2.0.2-beta2)
  - OptimizelySDKiOS (2.0.2-beta2):
    - OptimizelySDKDatafileManager (= 2.0.2-beta2)
    - OptimizelySDKEventDispatcher (= 2.0.2-beta2)
    - OptimizelySDKUserProfileService (= 2.0.2-beta2)
  - OptimizelySDKShared (2.0.2-beta2):
    - OptimizelySDKCore (= 2.0.2-beta2)
  - OptimizelySDKUserProfileService (2.0.2-beta2):
    - OptimizelySDKShared (= 2.0.2-beta2)

DEPENDENCIES:
  - OptimizelySDKiOS (from `https://github.com/optimizely/objective-c-sdk.git`, branch `master`)

SPEC REPOS:
  https://github.com/cocoapods/specs.git:
    - OptimizelySDKCore
    - OptimizelySDKDatafileManager
    - OptimizelySDKEventDispatcher
    - OptimizelySDKShared
    - OptimizelySDKUserProfileService

EXTERNAL SOURCES:
  OptimizelySDKiOS:
    :branch: master
    :git: https://github.com/optimizely/objective-c-sdk.git

CHECKOUT OPTIONS:
  OptimizelySDKiOS:
    :commit: 01769db055b503783826b3a37281d7bf36632d7c
    :git: https://github.com/optimizely/objective-c-sdk.git

SPEC CHECKSUMS:
  OptimizelySDKCore: 35b37e74a4405e18cc2a057cce3363fd9267aada
  OptimizelySDKDatafileManager: 700b83510571a831e592e5ea92569b3e107eea34
  OptimizelySDKEventDispatcher: bdc0784c2c42b5bae601bd631806bc21a6b4cd94
  OptimizelySDKiOS: 2dd665810a4f31fe954df9b0509e90313833446a
  OptimizelySDKShared: f63f3d3bf19b1bdb57c31f6c6b42c0e0dfe71883
  OptimizelySDKUserProfileService: b3eceee088b57a04505dc91fa5eed93c1f141b7a

PODFILE CHECKSUM: fa2f2441e3eb05c9856ecb9d9195aa2e925b550b

COCOAPODS: 1.5.3
