// !$*UTF8*$!
{
	archiveVersion = 1;
	classes = {
	};
	objectVersion = 48;
	objects = {

/* Begin PBXBuildFile section */
		3E2BC47F20806B27007B5971 /* AppDelegate.swift in Sources */ = {isa = PBXBuildFile; fileRef = 3E2BC47E20806B27007B5971 /* AppDelegate.swift */; };
		3E2BC50E20806C89007B5971 /* VMProtocol.swift in Sources */ = {isa = PBXBuildFile; fileRef = 3E2BC4AD20806C88007B5971 /* VMProtocol.swift */; };
		3E2BC50F20806C89007B5971 /* BaseVC.swift in Sources */ = {isa = PBXBuildFile; fileRef = 3E2BC4AE20806C88007B5971 /* BaseVC.swift */; };
		3E2BC51020806C89007B5971 /* ParameterableModel.swift in Sources */ = {isa = PBXBuildFile; fileRef = 3E2BC4AF20806C88007B5971 /* ParameterableModel.swift */; };
		3E2BC51220806C89007B5971 /* Router.swift in Sources */ = {isa = PBXBuildFile; fileRef = 3E2BC4B120806C88007B5971 /* Router.swift */; };
		3E2BC51320806C89007B5971 /* UIViewController+Toast.swift in Sources */ = {isa = PBXBuildFile; fileRef = 3E2BC4B320806C88007B5971 /* UIViewController+Toast.swift */; };
		3E2BC51A20806C89007B5971 /* Constants.swift in Sources */ = {isa = PBXBuildFile; fileRef = 3E2BC4BC20806C88007B5971 /* Constants.swift */; };
		3E2BC51E20806C89007B5971 /* Error.swift in Sources */ = {isa = PBXBuildFile; fileRef = 3E2BC4C020806C88007B5971 /* Error.swift */; };
		3E2BC52320806C89007B5971 /* FileWorker.swift in Sources */ = {isa = PBXBuildFile; fileRef = 3E2BC4C620806C88007B5971 /* FileWorker.swift */; };
		3E2BC52B20806C89007B5971 /* LaunchScreen.storyboard in Resources */ = {isa = PBXBuildFile; fileRef = 3E2BC4D120806C89007B5971 /* LaunchScreen.storyboard */; };
		3E2BC52C20806C89007B5971 /* Main.storyboard in Resources */ = {isa = PBXBuildFile; fileRef = 3E2BC4D320806C89007B5971 /* Main.storyboard */; };
		3E2BC53020806C89007B5971 /* Assets.xcassets in Resources */ = {isa = PBXBuildFile; fileRef = 3E2BC4DA20806C89007B5971 /* Assets.xcassets */; };
		3E2BC55D2080775D007B5971 /* TestWorker.swift in Sources */ = {isa = PBXBuildFile; fileRef = 3E2BC55C2080775D007B5971 /* TestWorker.swift */; };
		3E2BC55F208077DB007B5971 /* Test.swift in Sources */ = {isa = PBXBuildFile; fileRef = 3E2BC55E208077DB007B5971 /* Test.swift */; };
		3E333FE120A0B76400DF803D /* OPTLYEventDispatcherProxy.swift in Sources */ = {isa = PBXBuildFile; fileRef = 3E333FE020A0B76400DF803D /* OPTLYEventDispatcherProxy.swift */; };
		3EB4ECE9208F583900AFFA85 /* OptimizelyWorker.swift in Sources */ = {isa = PBXBuildFile; fileRef = 3EB4ECE8208F583900AFFA85 /* OptimizelyWorker.swift */; };
		3EB4ECFB2090C4B000AFFA85 /* InputVC.swift in Sources */ = {isa = PBXBuildFile; fileRef = 3EB4ECF82090C4B000AFFA85 /* InputVC.swift */; };
		3EB4ECFC2090C4B000AFFA85 /* InputRouter.swift in Sources */ = {isa = PBXBuildFile; fileRef = 3EB4ECF92090C4B000AFFA85 /* InputRouter.swift */; };
		3EB4ECFD2090C4B000AFFA85 /* InputVM.swift in Sources */ = {isa = PBXBuildFile; fileRef = 3EB4ECFA2090C4B000AFFA85 /* InputVM.swift */; };
		3EB4ED0220930A1300AFFA85 /* OutputRouter.swift in Sources */ = {isa = PBXBuildFile; fileRef = 3EB4ECFF20930A1200AFFA85 /* OutputRouter.swift */; };
		3EB4ED0320930A1300AFFA85 /* OutputVC.swift in Sources */ = {isa = PBXBuildFile; fileRef = 3EB4ED0020930A1200AFFA85 /* OutputVC.swift */; };
		3EB4ED0420930A1300AFFA85 /* OutputVM.swift in Sources */ = {isa = PBXBuildFile; fileRef = 3EB4ED0120930A1200AFFA85 /* OutputVM.swift */; };
		90855D2A20EF7F7600A97BEC /* Datafiles in Resources */ = {isa = PBXBuildFile; fileRef = 90855D2920EF7F7500A97BEC /* Datafiles */; };
		D29D004F31BF4F760F02FE8C /* Pods_iOSSDKe2e.framework in Frameworks */ = {isa = PBXBuildFile; fileRef = B12852461AA885C3B0301101 /* Pods_iOSSDKe2e.framework */; };
/* End PBXBuildFile section */

/* Begin PBXFileReference section */
		09A9B0723F7E3960ABD23522 /* Pods-iOSSDKe2e.debug.xcconfig */ = {isa = PBXFileReference; includeInIndex = 1; lastKnownFileType = text.xcconfig; name = "Pods-iOSSDKe2e.debug.xcconfig"; path = "Pods/Target Support Files/Pods-iOSSDKe2e/Pods-iOSSDKe2e.debug.xcconfig"; sourceTree = "<group>"; };
		3E2BC47B20806B26007B5971 /* iOSSDKe2e.app */ = {isa = PBXFileReference; explicitFileType = wrapper.application; includeInIndex = 0; path = iOSSDKe2e.app; sourceTree = BUILT_PRODUCTS_DIR; };
		3E2BC47E20806B27007B5971 /* AppDelegate.swift */ = {isa = PBXFileReference; lastKnownFileType = sourcecode.swift; path = AppDelegate.swift; sourceTree = "<group>"; };
		3E2BC48A20806B27007B5971 /* Info.plist */ = {isa = PBXFileReference; lastKnownFileType = text.plist.xml; path = Info.plist; sourceTree = "<group>"; };
		3E2BC4AD20806C88007B5971 /* VMProtocol.swift */ = {isa = PBXFileReference; fileEncoding = 4; lastKnownFileType = sourcecode.swift; path = VMProtocol.swift; sourceTree = "<group>"; };
		3E2BC4AE20806C88007B5971 /* BaseVC.swift */ = {isa = PBXFileReference; fileEncoding = 4; lastKnownFileType = sourcecode.swift; path = BaseVC.swift; sourceTree = "<group>"; };
		3E2BC4AF20806C88007B5971 /* ParameterableModel.swift */ = {isa = PBXFileReference; fileEncoding = 4; lastKnownFileType = sourcecode.swift; path = ParameterableModel.swift; sourceTree = "<group>"; };
		3E2BC4B120806C88007B5971 /* Router.swift */ = {isa = PBXFileReference; fileEncoding = 4; lastKnownFileType = sourcecode.swift; path = Router.swift; sourceTree = "<group>"; };
		3E2BC4B320806C88007B5971 /* UIViewController+Toast.swift */ = {isa = PBXFileReference; fileEncoding = 4; lastKnownFileType = sourcecode.swift; path = "UIViewController+Toast.swift"; sourceTree = "<group>"; };
		3E2BC4BC20806C88007B5971 /* Constants.swift */ = {isa = PBXFileReference; fileEncoding = 4; lastKnownFileType = sourcecode.swift; path = Constants.swift; sourceTree = "<group>"; };
		3E2BC4C020806C88007B5971 /* Error.swift */ = {isa = PBXFileReference; fileEncoding = 4; lastKnownFileType = sourcecode.swift; path = Error.swift; sourceTree = "<group>"; };
		3E2BC4C620806C88007B5971 /* FileWorker.swift */ = {isa = PBXFileReference; fileEncoding = 4; lastKnownFileType = sourcecode.swift; path = FileWorker.swift; sourceTree = "<group>"; };
		3E2BC4D220806C89007B5971 /* Base */ = {isa = PBXFileReference; lastKnownFileType = file.storyboard; name = Base; path = Base.lproj/LaunchScreen.storyboard; sourceTree = "<group>"; };
		3E2BC4D420806C89007B5971 /* Base */ = {isa = PBXFileReference; lastKnownFileType = file.storyboard; name = Base; path = Base.lproj/Main.storyboard; sourceTree = "<group>"; };
		3E2BC4DA20806C89007B5971 /* Assets.xcassets */ = {isa = PBXFileReference; lastKnownFileType = folder.assetcatalog; path = Assets.xcassets; sourceTree = "<group>"; };
		3E2BC55C2080775D007B5971 /* TestWorker.swift */ = {isa = PBXFileReference; fileEncoding = 4; lastKnownFileType = sourcecode.swift; path = TestWorker.swift; sourceTree = "<group>"; };
		3E2BC55E208077DB007B5971 /* Test.swift */ = {isa = PBXFileReference; fileEncoding = 4; lastKnownFileType = sourcecode.swift; path = Test.swift; sourceTree = "<group>"; };
		3E333FE020A0B76400DF803D /* OPTLYEventDispatcherProxy.swift */ = {isa = PBXFileReference; lastKnownFileType = sourcecode.swift; path = OPTLYEventDispatcherProxy.swift; sourceTree = "<group>"; };
		3EB4ECE8208F583900AFFA85 /* OptimizelyWorker.swift */ = {isa = PBXFileReference; fileEncoding = 4; lastKnownFileType = sourcecode.swift; path = OptimizelyWorker.swift; sourceTree = "<group>"; };
		3EB4ECF82090C4B000AFFA85 /* InputVC.swift */ = {isa = PBXFileReference; fileEncoding = 4; lastKnownFileType = sourcecode.swift; path = InputVC.swift; sourceTree = "<group>"; };
		3EB4ECF92090C4B000AFFA85 /* InputRouter.swift */ = {isa = PBXFileReference; fileEncoding = 4; lastKnownFileType = sourcecode.swift; path = InputRouter.swift; sourceTree = "<group>"; };
		3EB4ECFA2090C4B000AFFA85 /* InputVM.swift */ = {isa = PBXFileReference; fileEncoding = 4; lastKnownFileType = sourcecode.swift; path = InputVM.swift; sourceTree = "<group>"; };
		3EB4ECFF20930A1200AFFA85 /* OutputRouter.swift */ = {isa = PBXFileReference; fileEncoding = 4; lastKnownFileType = sourcecode.swift; path = OutputRouter.swift; sourceTree = "<group>"; };
		3EB4ED0020930A1200AFFA85 /* OutputVC.swift */ = {isa = PBXFileReference; fileEncoding = 4; lastKnownFileType = sourcecode.swift; path = OutputVC.swift; sourceTree = "<group>"; };
		3EB4ED0120930A1200AFFA85 /* OutputVM.swift */ = {isa = PBXFileReference; fileEncoding = 4; lastKnownFileType = sourcecode.swift; path = OutputVM.swift; sourceTree = "<group>"; };
		90855D2920EF7F7500A97BEC /* Datafiles */ = {isa = PBXFileReference; lastKnownFileType = folder; path = Datafiles; sourceTree = "<group>"; };
		B12852461AA885C3B0301101 /* Pods_iOSSDKe2e.framework */ = {isa = PBXFileReference; explicitFileType = wrapper.framework; includeInIndex = 0; path = Pods_iOSSDKe2e.framework; sourceTree = BUILT_PRODUCTS_DIR; };
		BBB656F06C34D65FCA71F063 /* Pods-iOSSDKe2e.release.xcconfig */ = {isa = PBXFileReference; includeInIndex = 1; lastKnownFileType = text.xcconfig; name = "Pods-iOSSDKe2e.release.xcconfig"; path = "Pods/Target Support Files/Pods-iOSSDKe2e/Pods-iOSSDKe2e.release.xcconfig"; sourceTree = "<group>"; };
/* End PBXFileReference section */

/* Begin PBXFrameworksBuildPhase section */
		3E2BC47820806B26007B5971 /* Frameworks */ = {
			isa = PBXFrameworksBuildPhase;
			buildActionMask = 2147483647;
			files = (
				D29D004F31BF4F760F02FE8C /* Pods_iOSSDKe2e.framework in Frameworks */,
			);
			runOnlyForDeploymentPostprocessing = 0;
		};
/* End PBXFrameworksBuildPhase section */

/* Begin PBXGroup section */
		3E2BC47220806B26007B5971 = {
			isa = PBXGroup;
			children = (
				3E2BC47D20806B26007B5971 /* iOSSDKe2e */,
				3E2BC47C20806B26007B5971 /* Products */,
				C9864210C8482B6F574136CC /* Pods */,
				EE0EAC45D21C5EE861A4A2AD /* Frameworks */,
			);
			sourceTree = "<group>";
		};
		3E2BC47C20806B26007B5971 /* Products */ = {
			isa = PBXGroup;
			children = (
				3E2BC47B20806B26007B5971 /* iOSSDKe2e.app */,
			);
			name = Products;
			sourceTree = "<group>";
		};
		3E2BC47D20806B26007B5971 /* iOSSDKe2e */ = {
			isa = PBXGroup;
			children = (
				3E2BC48A20806B27007B5971 /* Info.plist */,
				3E2BC47E20806B27007B5971 /* AppDelegate.swift */,
				3E2BC4B220806C88007B5971 /* Extensions */,
				3E2BC4B520806C88007B5971 /* Models */,
				3E2BC4AC20806C88007B5971 /* Protocols & Bases */,
				3E2BC4CB20806C88007B5971 /* Resources */,
				3E2BC4E620806C89007B5971 /* Scenes */,
				3E2BC4BB20806C88007B5971 /* Utilities */,
				3E2BC4C220806C88007B5971 /* Workers */,
			);
			path = iOSSDKe2e;
			sourceTree = "<group>";
		};
		3E2BC4AC20806C88007B5971 /* Protocols & Bases */ = {
			isa = PBXGroup;
			children = (
				3E2BC4AD20806C88007B5971 /* VMProtocol.swift */,
				3E2BC4AE20806C88007B5971 /* BaseVC.swift */,
				3E2BC4AF20806C88007B5971 /* ParameterableModel.swift */,
				3E2BC4B120806C88007B5971 /* Router.swift */,
			);
			path = "Protocols & Bases";
			sourceTree = "<group>";
		};
		3E2BC4B220806C88007B5971 /* Extensions */ = {
			isa = PBXGroup;
			children = (
				3E2BC4B320806C88007B5971 /* UIViewController+Toast.swift */,
			);
			path = Extensions;
			sourceTree = "<group>";
		};
		3E2BC4B520806C88007B5971 /* Models */ = {
			isa = PBXGroup;
			children = (
				3E2BC55E208077DB007B5971 /* Test.swift */,
			);
			path = Models;
			sourceTree = "<group>";
		};
		3E2BC4BB20806C88007B5971 /* Utilities */ = {
			isa = PBXGroup;
			children = (
				3E2BC4BC20806C88007B5971 /* Constants.swift */,
				3E2BC4C020806C88007B5971 /* Error.swift */,
				3E333FE020A0B76400DF803D /* OPTLYEventDispatcherProxy.swift */,
			);
			path = Utilities;
			sourceTree = "<group>";
		};
		3E2BC4C220806C88007B5971 /* Workers */ = {
			isa = PBXGroup;
			children = (
				3EB4ECE8208F583900AFFA85 /* OptimizelyWorker.swift */,
				3E2BC4C620806C88007B5971 /* FileWorker.swift */,
				3E2BC55C2080775D007B5971 /* TestWorker.swift */,
			);
			path = Workers;
			sourceTree = "<group>";
		};
		3E2BC4CB20806C88007B5971 /* Resources */ = {
			isa = PBXGroup;
			children = (
				90855D2920EF7F7500A97BEC /* Datafiles */,
				3E2BC4D020806C89007B5971 /* Storyboards */,
				3E2BC4D920806C89007B5971 /* Images */,
			);
			path = Resources;
			sourceTree = "<group>";
		};
		3E2BC4D020806C89007B5971 /* Storyboards */ = {
			isa = PBXGroup;
			children = (
				3E2BC4D120806C89007B5971 /* LaunchScreen.storyboard */,
				3E2BC4D320806C89007B5971 /* Main.storyboard */,
			);
			path = Storyboards;
			sourceTree = "<group>";
		};
		3E2BC4D920806C89007B5971 /* Images */ = {
			isa = PBXGroup;
			children = (
				3E2BC4DA20806C89007B5971 /* Assets.xcassets */,
			);
			path = Images;
			sourceTree = "<group>";
		};
		3E2BC4E620806C89007B5971 /* Scenes */ = {
			isa = PBXGroup;
			children = (
				3EB4ECFE20930A1200AFFA85 /* Output */,
				3EB4ECF72090C4B000AFFA85 /* Input */,
			);
			path = Scenes;
			sourceTree = "<group>";
		};
		3EB4ECF72090C4B000AFFA85 /* Input */ = {
			isa = PBXGroup;
			children = (
				3EB4ECF92090C4B000AFFA85 /* InputRouter.swift */,
				3EB4ECF82090C4B000AFFA85 /* InputVC.swift */,
				3EB4ECFA2090C4B000AFFA85 /* InputVM.swift */,
			);
			path = Input;
			sourceTree = "<group>";
		};
		3EB4ECFE20930A1200AFFA85 /* Output */ = {
			isa = PBXGroup;
			children = (
				3EB4ECFF20930A1200AFFA85 /* OutputRouter.swift */,
				3EB4ED0020930A1200AFFA85 /* OutputVC.swift */,
				3EB4ED0120930A1200AFFA85 /* OutputVM.swift */,
			);
			path = Output;
			sourceTree = "<group>";
		};
		C9864210C8482B6F574136CC /* Pods */ = {
			isa = PBXGroup;
			children = (
				09A9B0723F7E3960ABD23522 /* Pods-iOSSDKe2e.debug.xcconfig */,
				BBB656F06C34D65FCA71F063 /* Pods-iOSSDKe2e.release.xcconfig */,
			);
			name = Pods;
			sourceTree = "<group>";
		};
		EE0EAC45D21C5EE861A4A2AD /* Frameworks */ = {
			isa = PBXGroup;
			children = (
				B12852461AA885C3B0301101 /* Pods_iOSSDKe2e.framework */,
			);
			name = Frameworks;
			sourceTree = "<group>";
		};
/* End PBXGroup section */

/* Begin PBXNativeTarget section */
		3E2BC47A20806B26007B5971 /* iOSSDKe2e */ = {
			isa = PBXNativeTarget;
			buildConfigurationList = 3E2BC4A320806B27007B5971 /* Build configuration list for PBXNativeTarget "iOSSDKe2e" */;
			buildPhases = (
				593B2A186970F94F624217DE /* [CP] Check Pods Manifest.lock */,
				3E2BC47720806B26007B5971 /* Sources */,
				3E2BC47820806B26007B5971 /* Frameworks */,
				3E2BC47920806B26007B5971 /* Resources */,
				7958F212C140D72CFE4951D8 /* [CP] Embed Pods Frameworks */,
			);
			buildRules = (
			);
			dependencies = (
			);
			name = iOSSDKe2e;
			productName = iOSSDKe2e;
			productReference = 3E2BC47B20806B26007B5971 /* iOSSDKe2e.app */;
			productType = "com.apple.product-type.application";
		};
/* End PBXNativeTarget section */

/* Begin PBXProject section */
		3E2BC47320806B26007B5971 /* Project object */ = {
			isa = PBXProject;
			attributes = {
				LastSwiftUpdateCheck = 0900;
				LastUpgradeCheck = 0900;
				ORGANIZATIONNAME = "Optimizely, Inc.";
				TargetAttributes = {
					3E2BC47A20806B26007B5971 = {
						CreatedOnToolsVersion = 9.0;
						ProvisioningStyle = Manual;
					};
				};
			};
			buildConfigurationList = 3E2BC47620806B26007B5971 /* Build configuration list for PBXProject "iOSSDKe2e" */;
			compatibilityVersion = "Xcode 8.0";
			developmentRegion = en;
			hasScannedForEncodings = 0;
			knownRegions = (
				en,
				Base,
			);
			mainGroup = 3E2BC47220806B26007B5971;
			productRefGroup = 3E2BC47C20806B26007B5971 /* Products */;
			projectDirPath = "";
			projectRoot = "";
			targets = (
				3E2BC47A20806B26007B5971 /* iOSSDKe2e */,
			);
		};
/* End PBXProject section */

/* Begin PBXResourcesBuildPhase section */
		3E2BC47920806B26007B5971 /* Resources */ = {
			isa = PBXResourcesBuildPhase;
			buildActionMask = 2147483647;
			files = (
				3E2BC52C20806C89007B5971 /* Main.storyboard in Resources */,
				3E2BC52B20806C89007B5971 /* LaunchScreen.storyboard in Resources */,
				90855D2A20EF7F7600A97BEC /* Datafiles in Resources */,
				3E2BC53020806C89007B5971 /* Assets.xcassets in Resources */,
			);
			runOnlyForDeploymentPostprocessing = 0;
		};
/* End PBXResourcesBuildPhase section */

/* Begin PBXShellScriptBuildPhase section */
		593B2A186970F94F624217DE /* [CP] Check Pods Manifest.lock */ = {
			isa = PBXShellScriptBuildPhase;
			buildActionMask = 2147483647;
			files = (
			);
			inputPaths = (
				"${PODS_PODFILE_DIR_PATH}/Podfile.lock",
				"${PODS_ROOT}/Manifest.lock",
			);
			name = "[CP] Check Pods Manifest.lock";
			outputPaths = (
				"$(DERIVED_FILE_DIR)/Pods-iOSSDKe2e-checkManifestLockResult.txt",
			);
			runOnlyForDeploymentPostprocessing = 0;
			shellPath = /bin/sh;
			shellScript = "diff \"${PODS_PODFILE_DIR_PATH}/Podfile.lock\" \"${PODS_ROOT}/Manifest.lock\" > /dev/null\nif [ $? != 0 ] ; then\n    # print error to STDERR\n    echo \"error: The sandbox is not in sync with the Podfile.lock. Run 'pod install' or update your CocoaPods installation.\" >&2\n    exit 1\nfi\n# This output is used by Xcode 'outputs' to avoid re-running this script phase.\necho \"SUCCESS\" > \"${SCRIPT_OUTPUT_FILE_0}\"\n";
			showEnvVarsInLog = 0;
		};
		7958F212C140D72CFE4951D8 /* [CP] Embed Pods Frameworks */ = {
			isa = PBXShellScriptBuildPhase;
			buildActionMask = 2147483647;
			files = (
			);
			inputPaths = (
				"${SRCROOT}/Pods/Target Support Files/Pods-iOSSDKe2e/Pods-iOSSDKe2e-frameworks.sh",
				"${BUILT_PRODUCTS_DIR}/OptimizelySDKCore/OptimizelySDKCore.framework",
				"${BUILT_PRODUCTS_DIR}/OptimizelySDKDatafileManager/OptimizelySDKDatafileManager.framework",
				"${BUILT_PRODUCTS_DIR}/OptimizelySDKEventDispatcher/OptimizelySDKEventDispatcher.framework",
				"${BUILT_PRODUCTS_DIR}/OptimizelySDKShared/OptimizelySDKShared.framework",
				"${BUILT_PRODUCTS_DIR}/OptimizelySDKUserProfileService/OptimizelySDKUserProfileService.framework",
				"${BUILT_PRODUCTS_DIR}/OptimizelySDKiOS/OptimizelySDKiOS.framework",
			);
			name = "[CP] Embed Pods Frameworks";
			outputPaths = (
				"${TARGET_BUILD_DIR}/${FRAMEWORKS_FOLDER_PATH}/OptimizelySDKCore.framework",
				"${TARGET_BUILD_DIR}/${FRAMEWORKS_FOLDER_PATH}/OptimizelySDKDatafileManager.framework",
				"${TARGET_BUILD_DIR}/${FRAMEWORKS_FOLDER_PATH}/OptimizelySDKEventDispatcher.framework",
				"${TARGET_BUILD_DIR}/${FRAMEWORKS_FOLDER_PATH}/OptimizelySDKShared.framework",
				"${TARGET_BUILD_DIR}/${FRAMEWORKS_FOLDER_PATH}/OptimizelySDKUserProfileService.framework",
				"${TARGET_BUILD_DIR}/${FRAMEWORKS_FOLDER_PATH}/OptimizelySDKiOS.framework",
			);
			runOnlyForDeploymentPostprocessing = 0;
			shellPath = /bin/sh;
			shellScript = "\"${SRCROOT}/Pods/Target Support Files/Pods-iOSSDKe2e/Pods-iOSSDKe2e-frameworks.sh\"\n";
			showEnvVarsInLog = 0;
		};
/* End PBXShellScriptBuildPhase section */

/* Begin PBXSourcesBuildPhase section */
		3E2BC47720806B26007B5971 /* Sources */ = {
			isa = PBXSourcesBuildPhase;
			buildActionMask = 2147483647;
			files = (
				3E2BC50E20806C89007B5971 /* VMProtocol.swift in Sources */,
				3EB4ECFC2090C4B000AFFA85 /* InputRouter.swift in Sources */,
				3E2BC51320806C89007B5971 /* UIViewController+Toast.swift in Sources */,
				3EB4ED0420930A1300AFFA85 /* OutputVM.swift in Sources */,
				3E2BC47F20806B27007B5971 /* AppDelegate.swift in Sources */,
				3E2BC55F208077DB007B5971 /* Test.swift in Sources */,
				3E333FE120A0B76400DF803D /* OPTLYEventDispatcherProxy.swift in Sources */,
				3E2BC51220806C89007B5971 /* Router.swift in Sources */,
				3E2BC52320806C89007B5971 /* FileWorker.swift in Sources */,
				3E2BC51020806C89007B5971 /* ParameterableModel.swift in Sources */,
				3EB4ECE9208F583900AFFA85 /* OptimizelyWorker.swift in Sources */,
				3E2BC51E20806C89007B5971 /* Error.swift in Sources */,
				3E2BC50F20806C89007B5971 /* BaseVC.swift in Sources */,
				3EB4ED0220930A1300AFFA85 /* OutputRouter.swift in Sources */,
				3E2BC55D2080775D007B5971 /* TestWorker.swift in Sources */,
				3E2BC51A20806C89007B5971 /* Constants.swift in Sources */,
				3EB4ED0320930A1300AFFA85 /* OutputVC.swift in Sources */,
				3EB4ECFB2090C4B000AFFA85 /* InputVC.swift in Sources */,
				3EB4ECFD2090C4B000AFFA85 /* InputVM.swift in Sources */,
			);
			runOnlyForDeploymentPostprocessing = 0;
		};
/* End PBXSourcesBuildPhase section */

/* Begin PBXVariantGroup section */
		3E2BC4D120806C89007B5971 /* LaunchScreen.storyboard */ = {
			isa = PBXVariantGroup;
			children = (
				3E2BC4D220806C89007B5971 /* Base */,
			);
			name = LaunchScreen.storyboard;
			sourceTree = "<group>";
		};
		3E2BC4D320806C89007B5971 /* Main.storyboard */ = {
			isa = PBXVariantGroup;
			children = (
				3E2BC4D420806C89007B5971 /* Base */,
			);
			name = Main.storyboard;
			sourceTree = "<group>";
		};
/* End PBXVariantGroup section */

/* Begin XCBuildConfiguration section */
		3E2BC4A120806B27007B5971 /* Debug */ = {
			isa = XCBuildConfiguration;
			buildSettings = {
				ALWAYS_SEARCH_USER_PATHS = NO;
				CLANG_ANALYZER_NONNULL = YES;
				CLANG_ANALYZER_NUMBER_OBJECT_CONVERSION = YES_AGGRESSIVE;
				CLANG_CXX_LANGUAGE_STANDARD = "gnu++14";
				CLANG_CXX_LIBRARY = "libc++";
				CLANG_ENABLE_MODULES = YES;
				CLANG_ENABLE_OBJC_ARC = YES;
				CLANG_WARN_BLOCK_CAPTURE_AUTORELEASING = YES;
				CLANG_WARN_BOOL_CONVERSION = YES;
				CLANG_WARN_COMMA = YES;
				CLANG_WARN_CONSTANT_CONVERSION = YES;
				CLANG_WARN_DIRECT_OBJC_ISA_USAGE = YES_ERROR;
				CLANG_WARN_DOCUMENTATION_COMMENTS = YES;
				CLANG_WARN_EMPTY_BODY = YES;
				CLANG_WARN_ENUM_CONVERSION = YES;
				CLANG_WARN_INFINITE_RECURSION = YES;
				CLANG_WARN_INT_CONVERSION = YES;
				CLANG_WARN_NON_LITERAL_NULL_CONVERSION = YES;
				CLANG_WARN_OBJC_LITERAL_CONVERSION = YES;
				CLANG_WARN_OBJC_ROOT_CLASS = YES_ERROR;
				CLANG_WARN_RANGE_LOOP_ANALYSIS = YES;
				CLANG_WARN_STRICT_PROTOTYPES = YES;
				CLANG_WARN_SUSPICIOUS_MOVE = YES;
				CLANG_WARN_UNGUARDED_AVAILABILITY = YES_AGGRESSIVE;
				CLANG_WARN_UNREACHABLE_CODE = YES;
				CLANG_WARN__DUPLICATE_METHOD_MATCH = YES;
				CODE_SIGN_IDENTITY = "iPhone Developer";
				COPY_PHASE_STRIP = NO;
				DEBUG_INFORMATION_FORMAT = dwarf;
				ENABLE_STRICT_OBJC_MSGSEND = YES;
				ENABLE_TESTABILITY = YES;
				GCC_C_LANGUAGE_STANDARD = gnu11;
				GCC_DYNAMIC_NO_PIC = NO;
				GCC_NO_COMMON_BLOCKS = YES;
				GCC_OPTIMIZATION_LEVEL = 0;
				GCC_PREPROCESSOR_DEFINITIONS = (
					"DEBUG=1",
					"$(inherited)",
				);
				GCC_WARN_64_TO_32_BIT_CONVERSION = YES;
				GCC_WARN_ABOUT_RETURN_TYPE = YES_ERROR;
				GCC_WARN_UNDECLARED_SELECTOR = YES;
				GCC_WARN_UNINITIALIZED_AUTOS = YES_AGGRESSIVE;
				GCC_WARN_UNUSED_FUNCTION = YES;
				GCC_WARN_UNUSED_VARIABLE = YES;
				IPHONEOS_DEPLOYMENT_TARGET = 11.0;
				MTL_ENABLE_DEBUG_INFO = YES;
				ONLY_ACTIVE_ARCH = YES;
				SDKROOT = iphoneos;
				SWIFT_ACTIVE_COMPILATION_CONDITIONS = DEBUG;
				SWIFT_OPTIMIZATION_LEVEL = "-Onone";
			};
			name = Debug;
		};
		3E2BC4A220806B27007B5971 /* Release */ = {
			isa = XCBuildConfiguration;
			buildSettings = {
				ALWAYS_SEARCH_USER_PATHS = NO;
				CLANG_ANALYZER_NONNULL = YES;
				CLANG_ANALYZER_NUMBER_OBJECT_CONVERSION = YES_AGGRESSIVE;
				CLANG_CXX_LANGUAGE_STANDARD = "gnu++14";
				CLANG_CXX_LIBRARY = "libc++";
				CLANG_ENABLE_MODULES = YES;
				CLANG_ENABLE_OBJC_ARC = YES;
				CLANG_WARN_BLOCK_CAPTURE_AUTORELEASING = YES;
				CLANG_WARN_BOOL_CONVERSION = YES;
				CLANG_WARN_COMMA = YES;
				CLANG_WARN_CONSTANT_CONVERSION = YES;
				CLANG_WARN_DIRECT_OBJC_ISA_USAGE = YES_ERROR;
				CLANG_WARN_DOCUMENTATION_COMMENTS = YES;
				CLANG_WARN_EMPTY_BODY = YES;
				CLANG_WARN_ENUM_CONVERSION = YES;
				CLANG_WARN_INFINITE_RECURSION = YES;
				CLANG_WARN_INT_CONVERSION = YES;
				CLANG_WARN_NON_LITERAL_NULL_CONVERSION = YES;
				CLANG_WARN_OBJC_LITERAL_CONVERSION = YES;
				CLANG_WARN_OBJC_ROOT_CLASS = YES_ERROR;
				CLANG_WARN_RANGE_LOOP_ANALYSIS = YES;
				CLANG_WARN_STRICT_PROTOTYPES = YES;
				CLANG_WARN_SUSPICIOUS_MOVE = YES;
				CLANG_WARN_UNGUARDED_AVAILABILITY = YES_AGGRESSIVE;
				CLANG_WARN_UNREACHABLE_CODE = YES;
				CLANG_WARN__DUPLICATE_METHOD_MATCH = YES;
				CODE_SIGN_IDENTITY = "iPhone Developer";
				COPY_PHASE_STRIP = NO;
				DEBUG_INFORMATION_FORMAT = "dwarf-with-dsym";
				ENABLE_NS_ASSERTIONS = NO;
				ENABLE_STRICT_OBJC_MSGSEND = YES;
				GCC_C_LANGUAGE_STANDARD = gnu11;
				GCC_NO_COMMON_BLOCKS = YES;
				GCC_WARN_64_TO_32_BIT_CONVERSION = YES;
				GCC_WARN_ABOUT_RETURN_TYPE = YES_ERROR;
				GCC_WARN_UNDECLARED_SELECTOR = YES;
				GCC_WARN_UNINITIALIZED_AUTOS = YES_AGGRESSIVE;
				GCC_WARN_UNUSED_FUNCTION = YES;
				GCC_WARN_UNUSED_VARIABLE = YES;
				IPHONEOS_DEPLOYMENT_TARGET = 11.0;
				MTL_ENABLE_DEBUG_INFO = NO;
				SDKROOT = iphoneos;
				SWIFT_OPTIMIZATION_LEVEL = "-Owholemodule";
				VALIDATE_PRODUCT = YES;
			};
			name = Release;
		};
		3E2BC4A420806B27007B5971 /* Debug */ = {
			isa = XCBuildConfiguration;
			baseConfigurationReference = 09A9B0723F7E3960ABD23522 /* Pods-iOSSDKe2e.debug.xcconfig */;
			buildSettings = {
				ASSETCATALOG_COMPILER_APPICON_NAME = AppIcon;
				CODE_SIGN_IDENTITY = "iPhone Distribution";
				CODE_SIGN_STYLE = Manual;
				DEVELOPMENT_TEAM = W725KQUU2Q;
				INFOPLIST_FILE = iOSSDKe2e/Info.plist;
				IPHONEOS_DEPLOYMENT_TARGET = 9.0;
				LD_RUNPATH_SEARCH_PATHS = "$(inherited) @executable_path/Frameworks";
				NUM_RUNS = 5;
				PRODUCT_BUNDLE_IDENTIFIER = com.optimizely.iOSSDKe2e;
				PRODUCT_NAME = "$(TARGET_NAME)";
				PROVISIONING_PROFILE = "361a5418-24a7-453a-8aab-10a800d4a3db";
				PROVISIONING_PROFILE_SPECIFIER = "optimizely iOSSDKe2e In House";
				SWIFT_VERSION = 4.0;
				TARGETED_DEVICE_FAMILY = "1,2";
			};
			name = Debug;
		};
		3E2BC4A520806B27007B5971 /* Release */ = {
			isa = XCBuildConfiguration;
			baseConfigurationReference = BBB656F06C34D65FCA71F063 /* Pods-iOSSDKe2e.release.xcconfig */;
			buildSettings = {
				ASSETCATALOG_COMPILER_APPICON_NAME = AppIcon;
				CODE_SIGN_IDENTITY = "iPhone Distribution";
				CODE_SIGN_STYLE = Manual;
				DEVELOPMENT_TEAM = W725KQUU2Q;
				INFOPLIST_FILE = iOSSDKe2e/Info.plist;
				IPHONEOS_DEPLOYMENT_TARGET = 9.0;
				LD_RUNPATH_SEARCH_PATHS = "$(inherited) @executable_path/Frameworks";
				NUM_RUNS = 5;
				PRODUCT_BUNDLE_IDENTIFIER = com.optimizely.iOSSDKe2e;
				PRODUCT_NAME = "$(TARGET_NAME)";
				PROVISIONING_PROFILE = "361a5418-24a7-453a-8aab-10a800d4a3db";
				PROVISIONING_PROFILE_SPECIFIER = "optimizely iOSSDKe2e In House";
				SWIFT_VERSION = 4.0;
				TARGETED_DEVICE_FAMILY = "1,2";
			};
			name = Release;
		};
/* End XCBuildConfiguration section */

/* Begin XCConfigurationList section */
		3E2BC47620806B26007B5971 /* Build configuration list for PBXProject "iOSSDKe2e" */ = {
			isa = XCConfigurationList;
			buildConfigurations = (
				3E2BC4A120806B27007B5971 /* Debug */,
				3E2BC4A220806B27007B5971 /* Release */,
			);
			defaultConfigurationIsVisible = 0;
			defaultConfigurationName = Release;
		};
		3E2BC4A320806B27007B5971 /* Build configuration list for PBXNativeTarget "iOSSDKe2e" */ = {
			isa = XCConfigurationList;
			buildConfigurations = (
				3E2BC4A420806B27007B5971 /* Debug */,
				3E2BC4A520806B27007B5971 /* Release */,
			);
			defaultConfigurationIsVisible = 0;
			defaultConfigurationName = Release;
		};
/* End XCConfigurationList section */
	};
	rootObject = 3E2BC47320806B26007B5971 /* Project object */;
}
